
Microsoft Visual Studio Solution File, Format Version 12.00
# Visual Studio 15
VisualStudioVersion = 15.0.28010.2026
MinimumVisualStudioVersion = 10.0.40219.1
Project("{FAE04EC0-301F-11D3-BF4B-00C04F79EFBC}") = "GamesApplication", "GamesApplication\GamesApplication.csproj", "{2599BBB0-ADEF-46FE-AD4E-CFAB68E7372C}"
EndProject
Global
	GlobalSection(SolutionConfigurationPlatforms) = preSolution
		Debug|Any CPU = Debug|Any CPU
		Release|Any CPU = Release|Any CPU
	EndGlobalSection
	GlobalSection(ProjectConfigurationPlatforms) = postSolution
		{2599BBB0-ADEF-46FE-AD4E-CFAB68E7372C}.Debug|Any CPU.ActiveCfg = Debug|Any CPU
		{2599BBB0-ADEF-46FE-AD4E-CFAB68E7372C}.Debug|Any CPU.Build.0 = Debug|Any CPU
		{2599BBB0-ADEF-46FE-AD4E-CFAB68E7372C}.Release|Any CPU.ActiveCfg = Release|Any CPU
		{2599BBB0-ADEF-46FE-AD4E-CFAB68E7372C}.Release|Any CPU.Build.0 = Release|Any CPU
	EndGlobalSection
	GlobalSection(SolutionProperties) = preSolution
		HideSolutionNode = FALSE
	EndGlobalSection
	GlobalSection(ExtensibilityGlobals) = postSolution
		SolutionGuid = {BE7B4386-055A-433D-B448-0DFA5B09A012}
	EndGlobalSection
EndGlobal
